
Microsoft Visual Studio Solution File, Format Version 12.00
# Visual Studio Version 17
VisualStudioVersion = 17.4.33110.190
MinimumVisualStudioVersion = 10.0.40219.1
Project("{9A19103F-16F7-4668-BE54-9A1E7A4F7556}") = "WebApiApp", "WebApiApp.csproj", "{7B3C1888-B9EC-4B59-B111-D37180FD5768}"
EndProject
Project("{9A19103F-16F7-4668-BE54-9A1E7A4F7556}") = "Model", "..\Model\Model.csproj", "{65B23E2B-C903-4629-84F2-57C4BA5148E6}"
EndProject
Project("{9A19103F-16F7-4668-BE54-9A1E7A4F7556}") = "DAL", "..\DAL\DAL.csproj", "{DA90B8A6-DC1D-4BFF-9841-17771FCF8321}"
EndProject
Project("{FAE04EC0-301F-11D3-BF4B-00C04F79EFBC}") = "BLL", "..\BLL\BLL.csproj", "{3F434DC6-78D4-4AEB-B51C-CE8C1C725096}"
EndProject
Global
	GlobalSection(SolutionConfigurationPlatforms) = preSolution
		Debug|Any CPU = Debug|Any CPU
		Release|Any CPU = Release|Any CPU
	EndGlobalSection
	GlobalSection(ProjectConfigurationPlatforms) = postSolution
		{7B3C1888-B9EC-4B59-B111-D37180FD5768}.Debug|Any CPU.ActiveCfg = Debug|Any CPU
		{7B3C1888-B9EC-4B59-B111-D37180FD5768}.Debug|Any CPU.Build.0 = Debug|Any CPU
		{7B3C1888-B9EC-4B59-B111-D37180FD5768}.Release|Any CPU.ActiveCfg = Release|Any CPU
		{7B3C1888-B9EC-4B59-B111-D37180FD5768}.Release|Any CPU.Build.0 = Release|Any CPU
		{65B23E2B-C903-4629-84F2-57C4BA5148E6}.Debug|Any CPU.ActiveCfg = Debug|Any CPU
		{65B23E2B-C903-4629-84F2-57C4BA5148E6}.Debug|Any CPU.Build.0 = Debug|Any CPU
		{65B23E2B-C903-4629-84F2-57C4BA5148E6}.Release|Any CPU.ActiveCfg = Release|Any CPU
		{65B23E2B-C903-4629-84F2-57C4BA5148E6}.Release|Any CPU.Build.0 = Release|Any CPU
		{DA90B8A6-DC1D-4BFF-9841-17771FCF8321}.Debug|Any CPU.ActiveCfg = Debug|Any CPU
		{DA90B8A6-DC1D-4BFF-9841-17771FCF8321}.Debug|Any CPU.Build.0 = Debug|Any CPU
		{DA90B8A6-DC1D-4BFF-9841-17771FCF8321}.Release|Any CPU.ActiveCfg = Release|Any CPU
		{DA90B8A6-DC1D-4BFF-9841-17771FCF8321}.Release|Any CPU.Build.0 = Release|Any CPU
		{3F434DC6-78D4-4AEB-B51C-CE8C1C725096}.Debug|Any CPU.ActiveCfg = Debug|Any CPU
		{3F434DC6-78D4-4AEB-B51C-CE8C1C725096}.Debug|Any CPU.Build.0 = Debug|Any CPU
		{3F434DC6-78D4-4AEB-B51C-CE8C1C725096}.Release|Any CPU.ActiveCfg = Release|Any CPU
		{3F434DC6-78D4-4AEB-B51C-CE8C1C725096}.Release|Any CPU.Build.0 = Release|Any CPU
	EndGlobalSection
	GlobalSection(SolutionProperties) = preSolution
		HideSolutionNode = FALSE
	EndGlobalSection
	GlobalSection(ExtensibilityGlobals) = postSolution
		SolutionGuid = {76BBC746-F62D-436D-A6E4-83A402197876}
	EndGlobalSection
EndGlobal
